// !$*UTF8*$!
{
	archiveVersion = 1;
	classes = {
	};
	objectVersion = 56;
	objects = {

/* Begin PBXBuildFile section */
		845E144129DAD22500B5B9FE /* AppDelegate.swift in Sources */ = {isa = PBXBuildFile; fileRef = 845E144029DAD22500B5B9FE /* AppDelegate.swift */; };
		845E144329DAD22500B5B9FE /* SceneDelegate.swift in Sources */ = {isa = PBXBuildFile; fileRef = 845E144229DAD22500B5B9FE /* SceneDelegate.swift */; };
		845E144529DAD22500B5B9FE /* SecondDemoViewController.swift in Sources */ = {isa = PBXBuildFile; fileRef = 845E144429DAD22500B5B9FE /* SecondDemoViewController.swift */; };
		845E144829DAD22500B5B9FE /* Main.storyboard in Resources */ = {isa = PBXBuildFile; fileRef = 845E144629DAD22500B5B9FE /* Main.storyboard */; };
		845E144A29DAD22800B5B9FE /* Assets.xcassets in Resources */ = {isa = PBXBuildFile; fileRef = 845E144929DAD22800B5B9FE /* Assets.xcassets */; };
		845E144D29DAD22800B5B9FE /* LaunchScreen.storyboard in Resources */ = {isa = PBXBuildFile; fileRef = 845E144B29DAD22800B5B9FE /* LaunchScreen.storyboard */; };
		845E145529DAD28500B5B9FE /* PhotoManager.swift in Sources */ = {isa = PBXBuildFile; fileRef = 845E145429DAD28500B5B9FE /* PhotoManager.swift */; };
		845E145729DAD30000B5B9FE /* SecondDemoView.swift in Sources */ = {isa = PBXBuildFile; fileRef = 845E145629DAD30000B5B9FE /* SecondDemoView.swift */; };
		845E145929DAD34B00B5B9FE /* PhotoViewModel.swift in Sources */ = {isa = PBXBuildFile; fileRef = 845E145829DAD34B00B5B9FE /* PhotoViewModel.swift */; };
		845E145C29DAD68B00B5B9FE /* ImageFetcher.swift in Sources */ = {isa = PBXBuildFile; fileRef = 845E145B29DAD68B00B5B9FE /* ImageFetcher.swift */; };
		84ED6E6F29E3AE2000023A8C /* FirstDemoViewController.swift in Sources */ = {isa = PBXBuildFile; fileRef = 84ED6E6829E3AE2000023A8C /* FirstDemoViewController.swift */; };
		84ED6E7029E3AE2000023A8C /* PHPickerDemo.swift in Sources */ = {isa = PBXBuildFile; fileRef = 84ED6E6929E3AE2000023A8C /* PHPickerDemo.swift */; };
		84ED6E7129E3AE2000023A8C /* ALHelper.m in Sources */ = {isa = PBXBuildFile; fileRef = 84ED6E6A29E3AE2000023A8C /* ALHelper.m */; };
		84ED6E7229E3AE2000023A8C /* Uitls.swift in Sources */ = {isa = PBXBuildFile; fileRef = 84ED6E6B29E3AE2000023A8C /* Uitls.swift */; };
		84ED6E7329E3AE2000023A8C /* DiskHelper.m in Sources */ = {isa = PBXBuildFile; fileRef = 84ED6E6D29E3AE2000023A8C /* DiskHelper.m */; };
		84ED6E7429E3AE2000023A8C /* DeviceInfo.swift in Sources */ = {isa = PBXBuildFile; fileRef = 84ED6E6E29E3AE2000023A8C /* DeviceInfo.swift */; };
/* End PBXBuildFile section */

/* Begin PBXFileReference section */
		845E143D29DAD22500B5B9FE /* DiveIntoPhotoLibrary.app */ = {isa = PBXFileReference; explicitFileType = wrapper.application; includeInIndex = 0; path = DiveIntoPhotoLibrary.app; sourceTree = BUILT_PRODUCTS_DIR; };
		845E144029DAD22500B5B9FE /* AppDelegate.swift */ = {isa = PBXFileReference; lastKnownFileType = sourcecode.swift; path = AppDelegate.swift; sourceTree = "<group>"; };
		845E144229DAD22500B5B9FE /* SceneDelegate.swift */ = {isa = PBXFileReference; lastKnownFileType = sourcecode.swift; path = SceneDelegate.swift; sourceTree = "<group>"; };
		845E144429DAD22500B5B9FE /* SecondDemoViewController.swift */ = {isa = PBXFileReference; lastKnownFileType = sourcecode.swift; path = SecondDemoViewController.swift; sourceTree = "<group>"; };
		845E144729DAD22500B5B9FE /* Base */ = {isa = PBXFileReference; lastKnownFileType = file.storyboard; name = Base; path = Base.lproj/Main.storyboard; sourceTree = "<group>"; };
		845E144929DAD22800B5B9FE /* Assets.xcassets */ = {isa = PBXFileReference; lastKnownFileType = folder.assetcatalog; path = Assets.xcassets; sourceTree = "<group>"; };
		845E144C29DAD22800B5B9FE /* Base */ = {isa = PBXFileReference; lastKnownFileType = file.storyboard; name = Base; path = Base.lproj/LaunchScreen.storyboard; sourceTree = "<group>"; };
		845E144E29DAD22800B5B9FE /* Info.plist */ = {isa = PBXFileReference; lastKnownFileType = text.plist.xml; path = Info.plist; sourceTree = "<group>"; };
		845E145429DAD28500B5B9FE /* PhotoManager.swift */ = {isa = PBXFileReference; lastKnownFileType = sourcecode.swift; path = PhotoManager.swift; sourceTree = "<group>"; };
		845E145629DAD30000B5B9FE /* SecondDemoView.swift */ = {isa = PBXFileReference; lastKnownFileType = sourcecode.swift; path = SecondDemoView.swift; sourceTree = "<group>"; };
		845E145829DAD34B00B5B9FE /* PhotoViewModel.swift */ = {isa = PBXFileReference; lastKnownFileType = sourcecode.swift; path = PhotoViewModel.swift; sourceTree = "<group>"; };
		845E145B29DAD68B00B5B9FE /* ImageFetcher.swift */ = {isa = PBXFileReference; lastKnownFileType = sourcecode.swift; path = ImageFetcher.swift; sourceTree = "<group>"; };
		84ED6E6729E3AE2000023A8C /* DiskHelper.h */ = {isa = PBXFileReference; fileEncoding = 4; lastKnownFileType = sourcecode.c.h; path = DiskHelper.h; sourceTree = "<group>"; };
		84ED6E6829E3AE2000023A8C /* FirstDemoViewController.swift */ = {isa = PBXFileReference; fileEncoding = 4; lastKnownFileType = sourcecode.swift; path = FirstDemoViewController.swift; sourceTree = "<group>"; };
		84ED6E6929E3AE2000023A8C /* PHPickerDemo.swift */ = {isa = PBXFileReference; fileEncoding = 4; lastKnownFileType = sourcecode.swift; path = PHPickerDemo.swift; sourceTree = "<group>"; };
		84ED6E6A29E3AE2000023A8C /* ALHelper.m */ = {isa = PBXFileReference; fileEncoding = 4; lastKnownFileType = sourcecode.c.objc; path = ALHelper.m; sourceTree = "<group>"; };
		84ED6E6B29E3AE2000023A8C /* Uitls.swift */ = {isa = PBXFileReference; fileEncoding = 4; lastKnownFileType = sourcecode.swift; path = Uitls.swift; sourceTree = "<group>"; };
		84ED6E6C29E3AE2000023A8C /* ALHelper.h */ = {isa = PBXFileReference; fileEncoding = 4; lastKnownFileType = sourcecode.c.h; path = ALHelper.h; sourceTree = "<group>"; };
		84ED6E6D29E3AE2000023A8C /* DiskHelper.m */ = {isa = PBXFileReference; fileEncoding = 4; lastKnownFileType = sourcecode.c.objc; path = DiskHelper.m; sourceTree = "<group>"; };
		84ED6E6E29E3AE2000023A8C /* DeviceInfo.swift */ = {isa = PBXFileReference; fileEncoding = 4; lastKnownFileType = sourcecode.swift; path = DeviceInfo.swift; sourceTree = "<group>"; };
		84ED6E7929E3AED300023A8C /* OCSwiftBridge.h */ = {isa = PBXFileReference; lastKnownFileType = sourcecode.c.h; path = OCSwiftBridge.h; sourceTree = "<group>"; };
/* End PBXFileReference section */

/* Begin PBXFrameworksBuildPhase section */
		845E143A29DAD22500B5B9FE /* Frameworks */ = {
			isa = PBXFrameworksBuildPhase;
			buildActionMask = 2147483647;
			files = (
			);
			runOnlyForDeploymentPostprocessing = 0;
		};
/* End PBXFrameworksBuildPhase section */

/* Begin PBXGroup section */
		845E143429DAD22500B5B9FE = {
			isa = PBXGroup;
			children = (
				845E143F29DAD22500B5B9FE /* DiveIntoPhotoLibrary */,
				845E143E29DAD22500B5B9FE /* Products */,
			);
			sourceTree = "<group>";
		};
		845E143E29DAD22500B5B9FE /* Products */ = {
			isa = PBXGroup;
			children = (
				845E143D29DAD22500B5B9FE /* DiveIntoPhotoLibrary.app */,
			);
			name = Products;
			sourceTree = "<group>";
		};
		845E143F29DAD22500B5B9FE /* DiveIntoPhotoLibrary */ = {
			isa = PBXGroup;
			children = (
				84ED6E7829E3AEC100023A8C /* App */,
				84ED6E7A29E3B00300023A8C /* SecondDemo */,
				84ED6E6629E3AE2000023A8C /* FirstDemo */,
				845E145A29DAD62B00B5B9FE /* Photos */,
				845E144629DAD22500B5B9FE /* Main.storyboard */,
				845E144929DAD22800B5B9FE /* Assets.xcassets */,
				845E144B29DAD22800B5B9FE /* LaunchScreen.storyboard */,
				845E144E29DAD22800B5B9FE /* Info.plist */,
			);
			path = DiveIntoPhotoLibrary;
			sourceTree = "<group>";
		};
		845E145A29DAD62B00B5B9FE /* Photos */ = {
			isa = PBXGroup;
			children = (
				845E145429DAD28500B5B9FE /* PhotoManager.swift */,
				845E145B29DAD68B00B5B9FE /* ImageFetcher.swift */,
			);
			path = Photos;
			sourceTree = "<group>";
		};
		84ED6E6629E3AE2000023A8C /* FirstDemo */ = {
			isa = PBXGroup;
			children = (
				84ED6E6A29E3AE2000023A8C /* ALHelper.m */,
				84ED6E6C29E3AE2000023A8C /* ALHelper.h */,
				84ED6E6729E3AE2000023A8C /* DiskHelper.h */,
				84ED6E6D29E3AE2000023A8C /* DiskHelper.m */,
				84ED6E6829E3AE2000023A8C /* FirstDemoViewController.swift */,
				84ED6E6929E3AE2000023A8C /* PHPickerDemo.swift */,
				84ED6E6B29E3AE2000023A8C /* Uitls.swift */,
				84ED6E6E29E3AE2000023A8C /* DeviceInfo.swift */,
			);
			path = FirstDemo;
			sourceTree = "<group>";
		};
		84ED6E7829E3AEC100023A8C /* App */ = {
			isa = PBXGroup;
			children = (
				845E144029DAD22500B5B9FE /* AppDelegate.swift */,
				845E144229DAD22500B5B9FE /* SceneDelegate.swift */,
				84ED6E7929E3AED300023A8C /* OCSwiftBridge.h */,
			);
			path = App;
			sourceTree = "<group>";
		};
		84ED6E7A29E3B00300023A8C /* SecondDemo */ = {
			isa = PBXGroup;
			children = (
				845E144429DAD22500B5B9FE /* SecondDemoViewController.swift */,
				845E145629DAD30000B5B9FE /* SecondDemoView.swift */,
				845E145829DAD34B00B5B9FE /* PhotoViewModel.swift */,
			);
			path = SecondDemo;
			sourceTree = "<group>";
		};
/* End PBXGroup section */

/* Begin PBXNativeTarget section */
		845E143C29DAD22500B5B9FE /* DiveIntoPhotoLibrary */ = {
			isa = PBXNativeTarget;
			buildConfigurationList = 845E145129DAD22800B5B9FE /* Build configuration list for PBXNativeTarget "DiveIntoPhotoLibrary" */;
			buildPhases = (
				845E143929DAD22500B5B9FE /* Sources */,
				845E143A29DAD22500B5B9FE /* Frameworks */,
				845E143B29DAD22500B5B9FE /* Resources */,
			);
			buildRules = (
			);
			dependencies = (
			);
			name = DiveIntoPhotoLibrary;
			productName = DiveIntoPhotoLibrary;
			productReference = 845E143D29DAD22500B5B9FE /* DiveIntoPhotoLibrary.app */;
			productType = "com.apple.product-type.application";
		};
/* End PBXNativeTarget section */

/* Begin PBXProject section */
		845E143529DAD22500B5B9FE /* Project object */ = {
			isa = PBXProject;
			attributes = {
				BuildIndependentTargetsInParallel = 1;
				LastSwiftUpdateCheck = 1420;
				LastUpgradeCheck = 1420;
				TargetAttributes = {
					845E143C29DAD22500B5B9FE = {
						CreatedOnToolsVersion = 14.2;
					};
				};
			};
			buildConfigurationList = 845E143829DAD22500B5B9FE /* Build configuration list for PBXProject "DiveIntoPhotoLibrary" */;
			compatibilityVersion = "Xcode 14.0";
			developmentRegion = en;
			hasScannedForEncodings = 0;
			knownRegions = (
				en,
				Base,
			);
			mainGroup = 845E143429DAD22500B5B9FE;
			productRefGroup = 845E143E29DAD22500B5B9FE /* Products */;
			projectDirPath = "";
			projectRoot = "";
			targets = (
				845E143C29DAD22500B5B9FE /* DiveIntoPhotoLibrary */,
			);
		};
/* End PBXProject section */

/* Begin PBXResourcesBuildPhase section */
		845E143B29DAD22500B5B9FE /* Resources */ = {
			isa = PBXResourcesBuildPhase;
			buildActionMask = 2147483647;
			files = (
				845E144D29DAD22800B5B9FE /* LaunchScreen.storyboard in Resources */,
				845E144A29DAD22800B5B9FE /* Assets.xcassets in Resources */,
				845E144829DAD22500B5B9FE /* Main.storyboard in Resources */,
			);
			runOnlyForDeploymentPostprocessing = 0;
		};
/* End PBXResourcesBuildPhase section */

/* Begin PBXSourcesBuildPhase section */
		845E143929DAD22500B5B9FE /* Sources */ = {
			isa = PBXSourcesBuildPhase;
			buildActionMask = 2147483647;
			files = (
				845E144529DAD22500B5B9FE /* SecondDemoViewController.swift in Sources */,
				84ED6E7029E3AE2000023A8C /* PHPickerDemo.swift in Sources */,
				84ED6E7429E3AE2000023A8C /* DeviceInfo.swift in Sources */,
				84ED6E7329E3AE2000023A8C /* DiskHelper.m in Sources */,
				845E145929DAD34B00B5B9FE /* PhotoViewModel.swift in Sources */,
				84ED6E7229E3AE2000023A8C /* Uitls.swift in Sources */,
				845E144129DAD22500B5B9FE /* AppDelegate.swift in Sources */,
				84ED6E7129E3AE2000023A8C /* ALHelper.m in Sources */,
				845E145529DAD28500B5B9FE /* PhotoManager.swift in Sources */,
				84ED6E6F29E3AE2000023A8C /* FirstDemoViewController.swift in Sources */,
				845E145C29DAD68B00B5B9FE /* ImageFetcher.swift in Sources */,
				845E145729DAD30000B5B9FE /* SecondDemoView.swift in Sources */,
				845E144329DAD22500B5B9FE /* SceneDelegate.swift in Sources */,
			);
			runOnlyForDeploymentPostprocessing = 0;
		};
/* End PBXSourcesBuildPhase section */

/* Begin PBXVariantGroup section */
		845E144629DAD22500B5B9FE /* Main.storyboard */ = {
			isa = PBXVariantGroup;
			children = (
				845E144729DAD22500B5B9FE /* Base */,
			);
			name = Main.storyboard;
			sourceTree = "<group>";
		};
		845E144B29DAD22800B5B9FE /* LaunchScreen.storyboard */ = {
			isa = PBXVariantGroup;
			children = (
				845E144C29DAD22800B5B9FE /* Base */,
			);
			name = LaunchScreen.storyboard;
			sourceTree = "<group>";
		};
/* End PBXVariantGroup section */

/* Begin XCBuildConfiguration section */
		845E144F29DAD22800B5B9FE /* Debug */ = {
			isa = XCBuildConfiguration;
			buildSettings = {
				ALWAYS_SEARCH_USER_PATHS = NO;
				CLANG_ANALYZER_NONNULL = YES;
				CLANG_ANALYZER_NUMBER_OBJECT_CONVERSION = YES_AGGRESSIVE;
				CLANG_CXX_LANGUAGE_STANDARD = "gnu++20";
				CLANG_ENABLE_MODULES = YES;
				CLANG_ENABLE_OBJC_ARC = YES;
				CLANG_ENABLE_OBJC_WEAK = YES;
				CLANG_WARN_BLOCK_CAPTURE_AUTORELEASING = YES;
				CLANG_WARN_BOOL_CONVERSION = YES;
				CLANG_WARN_COMMA = YES;
				CLANG_WARN_CONSTANT_CONVERSION = YES;
				CLANG_WARN_DEPRECATED_OBJC_IMPLEMENTATIONS = YES;
				CLANG_WARN_DIRECT_OBJC_ISA_USAGE = YES_ERROR;
				CLANG_WARN_DOCUMENTATION_COMMENTS = YES;
				CLANG_WARN_EMPTY_BODY = YES;
				CLANG_WARN_ENUM_CONVERSION = YES;
				CLANG_WARN_INFINITE_RECURSION = YES;
				CLANG_WARN_INT_CONVERSION = YES;
				CLANG_WARN_NON_LITERAL_NULL_CONVERSION = YES;
				CLANG_WARN_OBJC_IMPLICIT_RETAIN_SELF = YES;
				CLANG_WARN_OBJC_LITERAL_CONVERSION = YES;
				CLANG_WARN_OBJC_ROOT_CLASS = YES_ERROR;
				CLANG_WARN_QUOTED_INCLUDE_IN_FRAMEWORK_HEADER = YES;
				CLANG_WARN_RANGE_LOOP_ANALYSIS = YES;
				CLANG_WARN_STRICT_PROTOTYPES = YES;
				CLANG_WARN_SUSPICIOUS_MOVE = YES;
				CLANG_WARN_UNGUARDED_AVAILABILITY = YES_AGGRESSIVE;
				CLANG_WARN_UNREACHABLE_CODE = YES;
				CLANG_WARN__DUPLICATE_METHOD_MATCH = YES;
				COPY_PHASE_STRIP = NO;
				DEBUG_INFORMATION_FORMAT = dwarf;
				ENABLE_STRICT_OBJC_MSGSEND = YES;
				ENABLE_TESTABILITY = YES;
				GCC_C_LANGUAGE_STANDARD = gnu11;
				GCC_DYNAMIC_NO_PIC = NO;
				GCC_NO_COMMON_BLOCKS = YES;
				GCC_OPTIMIZATION_LEVEL = 0;
				GCC_PREPROCESSOR_DEFINITIONS = (
					"DEBUG=1",
					"$(inherited)",
				);
				GCC_WARN_64_TO_32_BIT_CONVERSION = YES;
				GCC_WARN_ABOUT_RETURN_TYPE = YES_ERROR;
				GCC_WARN_UNDECLARED_SELECTOR = YES;
				GCC_WARN_UNINITIALIZED_AUTOS = YES_AGGRESSIVE;
				GCC_WARN_UNUSED_FUNCTION = YES;
				GCC_WARN_UNUSED_VARIABLE = YES;
				IPHONEOS_DEPLOYMENT_TARGET = 16.2;
				MTL_ENABLE_DEBUG_INFO = INCLUDE_SOURCE;
				MTL_FAST_MATH = YES;
				ONLY_ACTIVE_ARCH = YES;
				SDKROOT = iphoneos;
				SWIFT_ACTIVE_COMPILATION_CONDITIONS = DEBUG;
				SWIFT_OPTIMIZATION_LEVEL = "-Onone";
			};
			name = Debug;
		};
		845E145029DAD22800B5B9FE /* Release */ = {
			isa = XCBuildConfiguration;
			buildSettings = {
				ALWAYS_SEARCH_USER_PATHS = NO;
				CLANG_ANALYZER_NONNULL = YES;
				CLANG_ANALYZER_NUMBER_OBJECT_CONVERSION = YES_AGGRESSIVE;
				CLANG_CXX_LANGUAGE_STANDARD = "gnu++20";
				CLANG_ENABLE_MODULES = YES;
				CLANG_ENABLE_OBJC_ARC = YES;
				CLANG_ENABLE_OBJC_WEAK = YES;
				CLANG_WARN_BLOCK_CAPTURE_AUTORELEASING = YES;
				CLANG_WARN_BOOL_CONVERSION = YES;
				CLANG_WARN_COMMA = YES;
				CLANG_WARN_CONSTANT_CONVERSION = YES;
				CLANG_WARN_DEPRECATED_OBJC_IMPLEMENTATIONS = YES;
				CLANG_WARN_DIRECT_OBJC_ISA_USAGE = YES_ERROR;
				CLANG_WARN_DOCUMENTATION_COMMENTS = YES;
				CLANG_WARN_EMPTY_BODY = YES;
				CLANG_WARN_ENUM_CONVERSION = YES;
				CLANG_WARN_INFINITE_RECURSION = YES;
				CLANG_WARN_INT_CONVERSION = YES;
				CLANG_WARN_NON_LITERAL_NULL_CONVERSION = YES;
				CLANG_WARN_OBJC_IMPLICIT_RETAIN_SELF = YES;
				CLANG_WARN_OBJC_LITERAL_CONVERSION = YES;
				CLANG_WARN_OBJC_ROOT_CLASS = YES_ERROR;
				CLANG_WARN_QUOTED_INCLUDE_IN_FRAMEWORK_HEADER = YES;
				CLANG_WARN_RANGE_LOOP_ANALYSIS = YES;
				CLANG_WARN_STRICT_PROTOTYPES = YES;
				CLANG_WARN_SUSPICIOUS_MOVE = YES;
				CLANG_WARN_UNGUARDED_AVAILABILITY = YES_AGGRESSIVE;
				CLANG_WARN_UNREACHABLE_CODE = YES;
				CLANG_WARN__DUPLICATE_METHOD_MATCH = YES;
				COPY_PHASE_STRIP = NO;
				DEBUG_INFORMATION_FORMAT = "dwarf-with-dsym";
				ENABLE_NS_ASSERTIONS = NO;
				ENABLE_STRICT_OBJC_MSGSEND = YES;
				GCC_C_LANGUAGE_STANDARD = gnu11;
				GCC_NO_COMMON_BLOCKS = YES;
				GCC_WARN_64_TO_32_BIT_CONVERSION = YES;
				GCC_WARN_ABOUT_RETURN_TYPE = YES_ERROR;
				GCC_WARN_UNDECLARED_SELECTOR = YES;
				GCC_WARN_UNINITIALIZED_AUTOS = YES_AGGRESSIVE;
				GCC_WARN_UNUSED_FUNCTION = YES;
				GCC_WARN_UNUSED_VARIABLE = YES;
				IPHONEOS_DEPLOYMENT_TARGET = 16.2;
				MTL_ENABLE_DEBUG_INFO = NO;
				MTL_FAST_MATH = YES;
				SDKROOT = iphoneos;
				SWIFT_COMPILATION_MODE = wholemodule;
				SWIFT_OPTIMIZATION_LEVEL = "-O";
				VALIDATE_PRODUCT = YES;
			};
			name = Release;
		};
		845E145229DAD22800B5B9FE /* Debug */ = {
			isa = XCBuildConfiguration;
			buildSettings = {
				ASSETCATALOG_COMPILER_APPICON_NAME = AppIcon;
				ASSETCATALOG_COMPILER_GLOBAL_ACCENT_COLOR_NAME = AccentColor;
				CODE_SIGN_STYLE = Automatic;
				CURRENT_PROJECT_VERSION = 1;
				DEVELOPMENT_TEAM = DJ587BPX4R;
				GENERATE_INFOPLIST_FILE = YES;
				INFOPLIST_FILE = DiveIntoPhotoLibrary/Info.plist;
				INFOPLIST_KEY_NSPhotoLibraryUsageDescription = "We need to access your photo library for scanning";
				INFOPLIST_KEY_UIApplicationSupportsIndirectInputEvents = YES;
				INFOPLIST_KEY_UILaunchStoryboardName = LaunchScreen;
				INFOPLIST_KEY_UIMainStoryboardFile = Main;
				INFOPLIST_KEY_UISupportedInterfaceOrientations_iPad = "UIInterfaceOrientationPortrait UIInterfaceOrientationPortraitUpsideDown UIInterfaceOrientationLandscapeLeft UIInterfaceOrientationLandscapeRight";
				INFOPLIST_KEY_UISupportedInterfaceOrientations_iPhone = "UIInterfaceOrientationPortrait UIInterfaceOrientationLandscapeLeft UIInterfaceOrientationLandscapeRight";
				IPHONEOS_DEPLOYMENT_TARGET = 14.0;
				LD_RUNPATH_SEARCH_PATHS = (
					"$(inherited)",
					"@executable_path/Frameworks",
				);
				MARKETING_VERSION = 1.0;
				PRODUCT_BUNDLE_IDENTIFIER = com.unknown.yet.DiveIntoPhotoLibrary;
				PRODUCT_NAME = "$(TARGET_NAME)";
				SWIFT_EMIT_LOC_STRINGS = YES;
				SWIFT_OBJC_BRIDGING_HEADER = DiveIntoPhotoLibrary/App/OCSwiftBridge.h;
				SWIFT_VERSION = 5.0;
				TARGETED_DEVICE_FAMILY = "1,2";
			};
			name = Debug;
		};
		845E145329DAD22800B5B9FE /* Release */ = {
			isa = XCBuildConfiguration;
			buildSettings = {
				ASSETCATALOG_COMPILER_APPICON_NAME = AppIcon;
				ASSETCATALOG_COMPILER_GLOBAL_ACCENT_COLOR_NAME = AccentColor;
				CODE_SIGN_STYLE = Automatic;
				CURRENT_PROJECT_VERSION = 1;
				DEVELOPMENT_TEAM = DJ587BPX4R;
				GENERATE_INFOPLIST_FILE = YES;
				INFOPLIST_FILE = DiveIntoPhotoLibrary/Info.plist;
				INFOPLIST_KEY_NSPhotoLibraryUsageDescription = "We need to access your photo library for scanning";
				INFOPLIST_KEY_UIApplicationSupportsIndirectInputEvents = YES;
				INFOPLIST_KEY_UILaunchStoryboardName = LaunchScreen;
				INFOPLIST_KEY_UIMainStoryboardFile = Main;
				INFOPLIST_KEY_UISupportedInterfaceOrientations_iPad = "UIInterfaceOrientationPortrait UIInterfaceOrientationPortraitUpsideDown UIInterfaceOrientationLandscapeLeft UIInterfaceOrientationLandscapeRight";
				INFOPLIST_KEY_UISupportedInterfaceOrientations_iPhone = "UIInterfaceOrientationPortrait UIInterfaceOrientationLandscapeLeft UIInterfaceOrientationLandscapeRight";
				IPHONEOS_DEPLOYMENT_TARGET = 14.0;
				LD_RUNPATH_SEARCH_PATHS = (
					"$(inherited)",
					"@executable_path/Frameworks",
				);
				MARKETING_VERSION = 1.0;
				PRODUCT_BUNDLE_IDENTIFIER = com.unknown.yet.DiveIntoPhotoLibrary;
				PRODUCT_NAME = "$(TARGET_NAME)";
				SWIFT_EMIT_LOC_STRINGS = YES;
				SWIFT_OBJC_BRIDGING_HEADER = DiveIntoPhotoLibrary/App/OCSwiftBridge.h;
				SWIFT_VERSION = 5.0;
				TARGETED_DEVICE_FAMILY = "1,2";
			};
			name = Release;
		};
/* End XCBuildConfiguration section */

/* Begin XCConfigurationList section */
		845E143829DAD22500B5B9FE /* Build configuration list for PBXProject "DiveIntoPhotoLibrary" */ = {
			isa = XCConfigurationList;
			buildConfigurations = (
				845E144F29DAD22800B5B9FE /* Debug */,
				845E145029DAD22800B5B9FE /* Release */,
			);
			defaultConfigurationIsVisible = 0;
			defaultConfigurationName = Release;
		};
		845E145129DAD22800B5B9FE /* Build configuration list for PBXNativeTarget "DiveIntoPhotoLibrary" */ = {
			isa = XCConfigurationList;
			buildConfigurations = (
				845E145229DAD22800B5B9FE /* Debug */,
				845E145329DAD22800B5B9FE /* Release */,
			);
			defaultConfigurationIsVisible = 0;
			defaultConfigurationName = Release;
		};
/* End XCConfigurationList section */
	};
	rootObject = 845E143529DAD22500B5B9FE /* Project object */;
}
